
Microsoft Visual Studio Solution File, Format Version 12.00
# Visual Studio Version 17
VisualStudioVersion = 17.5.002.0
MinimumVisualStudioVersion = 10.0.40219.1
Project("{2150E333-8FDC-42A3-9474-1A3956D46DE8}") = "prometheus-grafana", "prometheus-grafana", "{C76B1C6C-1233-4D5B-B67E-E4A0F3B94849}"
EndProject
Project("{9A19103F-16F7-4668-BE54-9A1E7A4F7556}") = "dotnet-api", "prometheus-grafana\dotnet-api\dotnet-api.csproj", "{54A5E83F-7031-4F35-A573-A838652E36DC}"
EndProject
Global
	GlobalSection(SolutionConfigurationPlatforms) = preSolution
		Debug|Any CPU = Debug|Any CPU
		Release|Any CPU = Release|Any CPU
	EndGlobalSection
	GlobalSection(ProjectConfigurationPlatforms) = postSolution
		{54A5E83F-7031-4F35-A573-A838652E36DC}.Debug|Any CPU.ActiveCfg = Debug|Any CPU
		{54A5E83F-7031-4F35-A573-A838652E36DC}.Debug|Any CPU.Build.0 = Debug|Any CPU
		{54A5E83F-7031-4F35-A573-A838652E36DC}.Release|Any CPU.ActiveCfg = Release|Any CPU
		{54A5E83F-7031-4F35-A573-A838652E36DC}.Release|Any CPU.Build.0 = Release|Any CPU
	EndGlobalSection
	GlobalSection(SolutionProperties) = preSolution
		HideSolutionNode = FALSE
	EndGlobalSection
	GlobalSection(NestedProjects) = preSolution
		{54A5E83F-7031-4F35-A573-A838652E36DC} = {C76B1C6C-1233-4D5B-B67E-E4A0F3B94849}
	EndGlobalSection
	GlobalSection(ExtensibilityGlobals) = postSolution
		SolutionGuid = {1317101D-97D2-406A-B93F-4B3BEE9ED0BF}
	EndGlobalSection
EndGlobal
